// !$*UTF8*$!
{
	archiveVersion = 1;
	classes = {
	};
	objectVersion = 77;
	objects = {

/* Begin PBXBuildFile section */
		0DAD4F3D2E159415003E91EF /* AmplitudeUnified in Frameworks */ = {isa = PBXBuildFile; productRef = 0DAD4F3C2E159415003E91EF /* AmplitudeUnified */; };
/* End PBXBuildFile section */

/* Begin PBXContainerItemProxy section */
		0DAD4ED32E1323B6003E91EF /* PBXContainerItemProxy */ = {
			isa = PBXContainerItemProxy;
			containerPortal = 0DAD4EB42E1323B5003E91EF /* Project object */;
			proxyType = 1;
			remoteGlobalIDString = 0DAD4EBB2E1323B5003E91EF;
			remoteInfo = "travel-planner-app";
		};
		0DAD4EDD2E1323B6003E91EF /* PBXContainerItemProxy */ = {
			isa = PBXContainerItemProxy;
			containerPortal = 0DAD4EB42E1323B5003E91EF /* Project object */;
			proxyType = 1;
			remoteGlobalIDString = 0DAD4EBB2E1323B5003E91EF;
			remoteInfo = "travel-planner-app";
		};
/* End PBXContainerItemProxy section */

/* Begin PBXFileReference section */
		0DAD4EBC2E1323B5003E91EF /* travel-planner-app.app */ = {isa = PBXFileReference; explicitFileType = wrapper.application; includeInIndex = 0; path = "travel-planner-app.app"; sourceTree = BUILT_PRODUCTS_DIR; };
		0DAD4ED22E1323B6003E91EF /* travel-planner-appTests.xctest */ = {isa = PBXFileReference; explicitFileType = wrapper.cfbundle; includeInIndex = 0; path = "travel-planner-appTests.xctest"; sourceTree = BUILT_PRODUCTS_DIR; };
		0DAD4EDC2E1323B6003E91EF /* travel-planner-appUITests.xctest */ = {isa = PBXFileReference; explicitFileType = wrapper.cfbundle; includeInIndex = 0; path = "travel-planner-appUITests.xctest"; sourceTree = BUILT_PRODUCTS_DIR; };
/* End PBXFileReference section */

/* Begin PBXFileSystemSynchronizedBuildFileExceptionSet section */
		0DAD4EE42E1323B6003E91EF /* Exceptions for "travel-planner-app" folder in "travel-planner-app" target */ = {
			isa = PBXFileSystemSynchronizedBuildFileExceptionSet;
			membershipExceptions = (
				Info.plist,
			);
			target = 0DAD4EBB2E1323B5003E91EF /* travel-planner-app */;
		};
/* End PBXFileSystemSynchronizedBuildFileExceptionSet section */

/* Begin PBXFileSystemSynchronizedRootGroup section */
		0DAD4EBE2E1323B5003E91EF /* travel-planner-app */ = {
			isa = PBXFileSystemSynchronizedRootGroup;
			exceptions = (
				0DAD4EE42E1323B6003E91EF /* Exceptions for "travel-planner-app" folder in "travel-planner-app" target */,
			);
			path = "travel-planner-app";
			sourceTree = "<group>";
		};
		0DAD4ED52E1323B6003E91EF /* travel-planner-appTests */ = {
			isa = PBXFileSystemSynchronizedRootGroup;
			path = "travel-planner-appTests";
			sourceTree = "<group>";
		};
		0DAD4EDF2E1323B6003E91EF /* travel-planner-appUITests */ = {
			isa = PBXFileSystemSynchronizedRootGroup;
			path = "travel-planner-appUITests";
			sourceTree = "<group>";
		};
/* End PBXFileSystemSynchronizedRootGroup section */

/* Begin PBXFrameworksBuildPhase section */
		0DAD4EB92E1323B5003E91EF /* Frameworks */ = {
			isa = PBXFrameworksBuildPhase;
			buildActionMask = 2147483647;
			files = (
				0DAD4F3D2E159415003E91EF /* AmplitudeUnified in Frameworks */,
			);
			runOnlyForDeploymentPostprocessing = 0;
		};
		0DAD4ECF2E1323B6003E91EF /* Frameworks */ = {
			isa = PBXFrameworksBuildPhase;
			buildActionMask = 2147483647;
			files = (
			);
			runOnlyForDeploymentPostprocessing = 0;
		};
		0DAD4ED92E1323B6003E91EF /* Frameworks */ = {
			isa = PBXFrameworksBuildPhase;
			buildActionMask = 2147483647;
			files = (
			);
			runOnlyForDeploymentPostprocessing = 0;
		};
/* End PBXFrameworksBuildPhase section */

/* Begin PBXGroup section */
		0DAD4EB32E1323B5003E91EF = {
			isa = PBXGroup;
			children = (
				0DAD4EBE2E1323B5003E91EF /* travel-planner-app */,
				0DAD4ED52E1323B6003E91EF /* travel-planner-appTests */,
				0DAD4EDF2E1323B6003E91EF /* travel-planner-appUITests */,
				0DAD4EBD2E1323B5003E91EF /* Products */,
			);
			sourceTree = "<group>";
		};
		0DAD4EBD2E1323B5003E91EF /* Products */ = {
			isa = PBXGroup;
			children = (
				0DAD4EBC2E1323B5003E91EF /* travel-planner-app.app */,
				0DAD4ED22E1323B6003E91EF /* travel-planner-appTests.xctest */,
				0DAD4EDC2E1323B6003E91EF /* travel-planner-appUITests.xctest */,
			);
			name = Products;
			sourceTree = "<group>";
		};
/* End PBXGroup section */

/* Begin PBXNativeTarget section */
		0DAD4EBB2E1323B5003E91EF /* travel-planner-app */ = {
			isa = PBXNativeTarget;
			buildConfigurationList = 0DAD4EE52E1323B6003E91EF /* Build configuration list for PBXNativeTarget "travel-planner-app" */;
			buildPhases = (
				0DAD4EB82E1323B5003E91EF /* Sources */,
				0DAD4EB92E1323B5003E91EF /* Frameworks */,
				0DAD4EBA2E1323B5003E91EF /* Resources */,
			);
			buildRules = (
			);
			dependencies = (
			);
			fileSystemSynchronizedGroups = (
				0DAD4EBE2E1323B5003E91EF /* travel-planner-app */,
			);
			name = "travel-planner-app";
			packageProductDependencies = (
				0DAD4F3C2E159415003E91EF /* AmplitudeUnified */,
			);
			productName = "travel-planner-app";
			productReference = 0DAD4EBC2E1323B5003E91EF /* travel-planner-app.app */;
			productType = "com.apple.product-type.application";
		};
		0DAD4ED12E1323B6003E91EF /* travel-planner-appTests */ = {
			isa = PBXNativeTarget;
			buildConfigurationList = 0DAD4EEA2E1323B6003E91EF /* Build configuration list for PBXNativeTarget "travel-planner-appTests" */;
			buildPhases = (
				0DAD4ECE2E1323B6003E91EF /* Sources */,
				0DAD4ECF2E1323B6003E91EF /* Frameworks */,
				0DAD4ED02E1323B6003E91EF /* Resources */,
			);
			buildRules = (
			);
			dependencies = (
				0DAD4ED42E1323B6003E91EF /* PBXTargetDependency */,
			);
			fileSystemSynchronizedGroups = (
				0DAD4ED52E1323B6003E91EF /* travel-planner-appTests */,
			);
			name = "travel-planner-appTests";
			packageProductDependencies = (
			);
			productName = "travel-planner-appTests";
			productReference = 0DAD4ED22E1323B6003E91EF /* travel-planner-appTests.xctest */;
			productType = "com.apple.product-type.bundle.unit-test";
		};
		0DAD4EDB2E1323B6003E91EF /* travel-planner-appUITests */ = {
			isa = PBXNativeTarget;
			buildConfigurationList = 0DAD4EED2E1323B6003E91EF /* Build configuration list for PBXNativeTarget "travel-planner-appUITests" */;
			buildPhases = (
				0DAD4ED82E1323B6003E91EF /* Sources */,
				0DAD4ED92E1323B6003E91EF /* Frameworks */,
				0DAD4EDA2E1323B6003E91EF /* Resources */,
			);
			buildRules = (
			);
			dependencies = (
				0DAD4EDE2E1323B6003E91EF /* PBXTargetDependency */,
			);
			fileSystemSynchronizedGroups = (
				0DAD4EDF2E1323B6003E91EF /* travel-planner-appUITests */,
			);
			name = "travel-planner-appUITests";
			packageProductDependencies = (
			);
			productName = "travel-planner-appUITests";
			productReference = 0DAD4EDC2E1323B6003E91EF /* travel-planner-appUITests.xctest */;
			productType = "com.apple.product-type.bundle.ui-testing";
		};
/* End PBXNativeTarget section */

/* Begin PBXProject section */
		0DAD4EB42E1323B5003E91EF /* Project object */ = {
			isa = PBXProject;
			attributes = {
				BuildIndependentTargetsInParallel = 1;
				LastSwiftUpdateCheck = 1640;
				LastUpgradeCheck = 1640;
				TargetAttributes = {
					0DAD4EBB2E1323B5003E91EF = {
						CreatedOnToolsVersion = 16.4;
					};
					0DAD4ED12E1323B6003E91EF = {
						CreatedOnToolsVersion = 16.4;
						TestTargetID = 0DAD4EBB2E1323B5003E91EF;
					};
					0DAD4EDB2E1323B6003E91EF = {
						CreatedOnToolsVersion = 16.4;
						TestTargetID = 0DAD4EBB2E1323B5003E91EF;
					};
				};
			};
			buildConfigurationList = 0DAD4EB72E1323B5003E91EF /* Build configuration list for PBXProject "travel-planner-app" */;
			developmentRegion = en;
			hasScannedForEncodings = 0;
			knownRegions = (
				en,
				Base,
			);
			mainGroup = 0DAD4EB32E1323B5003E91EF;
			minimizedProjectReferenceProxies = 1;
			packageReferences = (
				0DAD4F3B2E159415003E91EF /* XCRemoteSwiftPackageReference "AmplitudeUnified-Swift" */,
			);
			preferredProjectObjectVersion = 77;
			productRefGroup = 0DAD4EBD2E1323B5003E91EF /* Products */;
			projectDirPath = "";
			projectRoot = "";
			targets = (
				0DAD4EBB2E1323B5003E91EF /* travel-planner-app */,
				0DAD4ED12E1323B6003E91EF /* travel-planner-appTests */,
				0DAD4EDB2E1323B6003E91EF /* travel-planner-appUITests */,
			);
		};
/* End PBXProject section */

/* Begin PBXResourcesBuildPhase section */
		0DAD4EBA2E1323B5003E91EF /* Resources */ = {
			isa = PBXResourcesBuildPhase;
			buildActionMask = 2147483647;
			files = (
			);
			runOnlyForDeploymentPostprocessing = 0;
		};
		0DAD4ED02E1323B6003E91EF /* Resources */ = {
			isa = PBXResourcesBuildPhase;
			buildActionMask = 2147483647;
			files = (
			);
			runOnlyForDeploymentPostprocessing = 0;
		};
		0DAD4EDA2E1323B6003E91EF /* Resources */ = {
			isa = PBXResourcesBuildPhase;
			buildActionMask = 2147483647;
			files = (
			);
			runOnlyForDeploymentPostprocessing = 0;
		};
/* End PBXResourcesBuildPhase section */

/* Begin PBXSourcesBuildPhase section */
		0DAD4EB82E1323B5003E91EF /* Sources */ = {
			isa = PBXSourcesBuildPhase;
			buildActionMask = 2147483647;
			files = (
			);
			runOnlyForDeploymentPostprocessing = 0;
		};
		0DAD4ECE2E1323B6003E91EF /* Sources */ = {
			isa = PBXSourcesBuildPhase;
			buildActionMask = 2147483647;
			files = (
			);
			runOnlyForDeploymentPostprocessing = 0;
		};
		0DAD4ED82E1323B6003E91EF /* Sources */ = {
			isa = PBXSourcesBuildPhase;
			buildActionMask = 2147483647;
			files = (
			);
			runOnlyForDeploymentPostprocessing = 0;
		};
/* End PBXSourcesBuildPhase section */

/* Begin PBXTargetDependency section */
		0DAD4ED42E1323B6003E91EF /* PBXTargetDependency */ = {
			isa = PBXTargetDependency;
			target = 0DAD4EBB2E1323B5003E91EF /* travel-planner-app */;
			targetProxy = 0DAD4ED32E1323B6003E91EF /* PBXContainerItemProxy */;
		};
		0DAD4EDE2E1323B6003E91EF /* PBXTargetDependency */ = {
			isa = PBXTargetDependency;
			target = 0DAD4EBB2E1323B5003E91EF /* travel-planner-app */;
			targetProxy = 0DAD4EDD2E1323B6003E91EF /* PBXContainerItemProxy */;
		};
/* End PBXTargetDependency section */

/* Begin XCBuildConfiguration section */
		0DAD4EE62E1323B6003E91EF /* Debug */ = {
			isa = XCBuildConfiguration;
			buildSettings = {
				ASSETCATALOG_COMPILER_APPICON_NAME = AppIcon;
				ASSETCATALOG_COMPILER_GLOBAL_ACCENT_COLOR_NAME = AccentColor;
				CODE_SIGN_STYLE = Automatic;
				CURRENT_PROJECT_VERSION = 1;
				DEVELOPMENT_TEAM = D486XD9D76;
				GENERATE_INFOPLIST_FILE = YES;
				INFOPLIST_FILE = "travel-planner-app/Info.plist";
				INFOPLIST_KEY_UIApplicationSupportsIndirectInputEvents = YES;
				INFOPLIST_KEY_UILaunchStoryboardName = LaunchScreen;
				INFOPLIST_KEY_UIMainStoryboardFile = Main;
				INFOPLIST_KEY_UISupportedInterfaceOrientations_iPad = "UIInterfaceOrientationPortrait UIInterfaceOrientationPortraitUpsideDown UIInterfaceOrientationLandscapeLeft UIInterfaceOrientationLandscapeRight";
				INFOPLIST_KEY_UISupportedInterfaceOrientations_iPhone = "UIInterfaceOrientationPortrait UIInterfaceOrientationLandscapeLeft UIInterfaceOrientationLandscapeRight";
				LD_RUNPATH_SEARCH_PATHS = (
					"$(inherited)",
					"@executable_path/Frameworks",
				);
				MARKETING_VERSION = 1.0;
				PRODUCT_BUNDLE_IDENTIFIER = "com.mytestapp.travel-planner-app";
				PRODUCT_NAME = "$(TARGET_NAME)";
				SWIFT_EMIT_LOC_STRINGS = YES;
				SWIFT_VERSION = 5.0;
				TARGETED_DEVICE_FAMILY = "1,2";
			};
			name = Debug;
		};
		0DAD4EE72E1323B6003E91EF /* Release */ = {
			isa = XCBuildConfiguration;
			buildSettings = {
				ASSETCATALOG_COMPILER_APPICON_NAME = AppIcon;
				ASSETCATALOG_COMPILER_GLOBAL_ACCENT_COLOR_NAME = AccentColor;
				CODE_SIGN_STYLE = Automatic;
				CURRENT_PROJECT_VERSION = 1;
				GENERATE_INFOPLIST_FILE = YES;
				INFOPLIST_FILE = "travel-planner-app/Info.plist";
				INFOPLIST_KEY_UIApplicationSupportsIndirectInputEvents = YES;
				INFOPLIST_KEY_UILaunchStoryboardName = LaunchScreen;
				INFOPLIST_KEY_UIMainStoryboardFile = Main;
				INFOPLIST_KEY_UISupportedInterfaceOrientations_iPad = "UIInterfaceOrientationPortrait UIInterfaceOrientationPortraitUpsideDown UIInterfaceOrientationLandscapeLeft UIInterfaceOrientationLandscapeRight";
				INFOPLIST_KEY_UISupportedInterfaceOrientations_iPhone = "UIInterfaceOrientationPortrait UIInterfaceOrientationLandscapeLeft UIInterfaceOrientationLandscapeRight";
				LD_RUNPATH_SEARCH_PATHS = (
					"$(inherited)",
					"@executable_path/Frameworks",
				);
				MARKETING_VERSION = 1.0;
				PRODUCT_BUNDLE_IDENTIFIER = "com.mytestapp.travel-planner-app";
				PRODUCT_NAME = "$(TARGET_NAME)";
				SWIFT_EMIT_LOC_STRINGS = YES;
				SWIFT_VERSION = 5.0;
				TARGETED_DEVICE_FAMILY = "1,2";
			};
			name = Release;
		};
		0DAD4EE82E1323B6003E91EF /* Debug */ = {
			isa = XCBuildConfiguration;
			buildSettings = {
				ALWAYS_SEARCH_USER_PATHS = NO;
				ASSETCATALOG_COMPILER_GENERATE_SWIFT_ASSET_SYMBOL_EXTENSIONS = YES;
				CLANG_ANALYZER_NONNULL = YES;
				CLANG_ANALYZER_NUMBER_OBJECT_CONVERSION = YES_AGGRESSIVE;
				CLANG_CXX_LANGUAGE_STANDARD = "gnu++20";
				CLANG_ENABLE_MODULES = YES;
				CLANG_ENABLE_OBJC_ARC = YES;
				CLANG_ENABLE_OBJC_WEAK = YES;
				CLANG_WARN_BLOCK_CAPTURE_AUTORELEASING = YES;
				CLANG_WARN_BOOL_CONVERSION = YES;
				CLANG_WARN_COMMA = YES;
				CLANG_WARN_CONSTANT_CONVERSION = YES;
				CLANG_WARN_DEPRECATED_OBJC_IMPLEMENTATIONS = YES;
				CLANG_WARN_DIRECT_OBJC_ISA_USAGE = YES_ERROR;
				CLANG_WARN_DOCUMENTATION_COMMENTS = YES;
				CLANG_WARN_EMPTY_BODY = YES;
				CLANG_WARN_ENUM_CONVERSION = YES;
				CLANG_WARN_INFINITE_RECURSION = YES;
				CLANG_WARN_INT_CONVERSION = YES;
				CLANG_WARN_NON_LITERAL_NULL_CONVERSION = YES;
				CLANG_WARN_OBJC_IMPLICIT_RETAIN_SELF = YES;
				CLANG_WARN_OBJC_LITERAL_CONVERSION = YES;
				CLANG_WARN_OBJC_ROOT_CLASS = YES_ERROR;
				CLANG_WARN_QUOTED_INCLUDE_IN_FRAMEWORK_HEADER = YES;
				CLANG_WARN_RANGE_LOOP_ANALYSIS = YES;
				CLANG_WARN_STRICT_PROTOTYPES = YES;
				CLANG_WARN_SUSPICIOUS_MOVE = YES;
				CLANG_WARN_UNGUARDED_AVAILABILITY = YES_AGGRESSIVE;
				CLANG_WARN_UNREACHABLE_CODE = YES;
				CLANG_WARN__DUPLICATE_METHOD_MATCH = YES;
				COPY_PHASE_STRIP = NO;
				DEBUG_INFORMATION_FORMAT = dwarf;
				ENABLE_STRICT_OBJC_MSGSEND = YES;
				ENABLE_TESTABILITY = YES;
				ENABLE_USER_SCRIPT_SANDBOXING = YES;
				GCC_C_LANGUAGE_STANDARD = gnu17;
				GCC_DYNAMIC_NO_PIC = NO;
				GCC_NO_COMMON_BLOCKS = YES;
				GCC_OPTIMIZATION_LEVEL = 0;
				GCC_PREPROCESSOR_DEFINITIONS = (
					"DEBUG=1",
					"$(inherited)",
				);
				GCC_WARN_64_TO_32_BIT_CONVERSION = YES;
				GCC_WARN_ABOUT_RETURN_TYPE = YES_ERROR;
				GCC_WARN_UNDECLARED_SELECTOR = YES;
				GCC_WARN_UNINITIALIZED_AUTOS = YES_AGGRESSIVE;
				GCC_WARN_UNUSED_FUNCTION = YES;
				GCC_WARN_UNUSED_VARIABLE = YES;
				IPHONEOS_DEPLOYMENT_TARGET = 18.5;
				LOCALIZATION_PREFERS_STRING_CATALOGS = YES;
				MTL_ENABLE_DEBUG_INFO = INCLUDE_SOURCE;
				MTL_FAST_MATH = YES;
				ONLY_ACTIVE_ARCH = YES;
				SDKROOT = iphoneos;
				SWIFT_ACTIVE_COMPILATION_CONDITIONS = "DEBUG $(inherited)";
				SWIFT_OPTIMIZATION_LEVEL = "-Onone";
			};
			name = Debug;
		};
		0DAD4EE92E1323B6003E91EF /* Release */ = {
			isa = XCBuildConfiguration;
			buildSettings = {
				ALWAYS_SEARCH_USER_PATHS = NO;
				ASSETCATALOG_COMPILER_GENERATE_SWIFT_ASSET_SYMBOL_EXTENSIONS = YES;
				CLANG_ANALYZER_NONNULL = YES;
				CLANG_ANALYZER_NUMBER_OBJECT_CONVERSION = YES_AGGRESSIVE;
				CLANG_CXX_LANGUAGE_STANDARD = "gnu++20";
				CLANG_ENABLE_MODULES = YES;
				CLANG_ENABLE_OBJC_ARC = YES;
				CLANG_ENABLE_OBJC_WEAK = YES;
				CLANG_WARN_BLOCK_CAPTURE_AUTORELEASING = YES;
				CLANG_WARN_BOOL_CONVERSION = YES;
				CLANG_WARN_COMMA = YES;
				CLANG_WARN_CONSTANT_CONVERSION = YES;
				CLANG_WARN_DEPRECATED_OBJC_IMPLEMENTATIONS = YES;
				CLANG_WARN_DIRECT_OBJC_ISA_USAGE = YES_ERROR;
				CLANG_WARN_DOCUMENTATION_COMMENTS = YES;
				CLANG_WARN_EMPTY_BODY = YES;
				CLANG_WARN_ENUM_CONVERSION = YES;
				CLANG_WARN_INFINITE_RECURSION = YES;
				CLANG_WARN_INT_CONVERSION = YES;
				CLANG_WARN_NON_LITERAL_NULL_CONVERSION = YES;
				CLANG_WARN_OBJC_IMPLICIT_RETAIN_SELF = YES;
				CLANG_WARN_OBJC_LITERAL_CONVERSION = YES;
				CLANG_WARN_OBJC_ROOT_CLASS = YES_ERROR;
				CLANG_WARN_QUOTED_INCLUDE_IN_FRAMEWORK_HEADER = YES;
				CLANG_WARN_RANGE_LOOP_ANALYSIS = YES;
				CLANG_WARN_STRICT_PROTOTYPES = YES;
				CLANG_WARN_SUSPICIOUS_MOVE = YES;
				CLANG_WARN_UNGUARDED_AVAILABILITY = YES_AGGRESSIVE;
				CLANG_WARN_UNREACHABLE_CODE = YES;
				CLANG_WARN__DUPLICATE_METHOD_MATCH = YES;
				COPY_PHASE_STRIP = NO;
				DEBUG_INFORMATION_FORMAT = "dwarf-with-dsym";
				ENABLE_NS_ASSERTIONS = NO;
				ENABLE_STRICT_OBJC_MSGSEND = YES;
				ENABLE_USER_SCRIPT_SANDBOXING = YES;
				GCC_C_LANGUAGE_STANDARD = gnu17;
				GCC_NO_COMMON_BLOCKS = YES;
				GCC_WARN_64_TO_32_BIT_CONVERSION = YES;
				GCC_WARN_ABOUT_RETURN_TYPE = YES_ERROR;
				GCC_WARN_UNDECLARED_SELECTOR = YES;
				GCC_WARN_UNINITIALIZED_AUTOS = YES_AGGRESSIVE;
				GCC_WARN_UNUSED_FUNCTION = YES;
				GCC_WARN_UNUSED_VARIABLE = YES;
				IPHONEOS_DEPLOYMENT_TARGET = 18.5;
				LOCALIZATION_PREFERS_STRING_CATALOGS = YES;
				MTL_ENABLE_DEBUG_INFO = NO;
				MTL_FAST_MATH = YES;
				SDKROOT = iphoneos;
				SWIFT_COMPILATION_MODE = wholemodule;
				VALIDATE_PRODUCT = YES;
			};
			name = Release;
		};
		0DAD4EEB2E1323B6003E91EF /* Debug */ = {
			isa = XCBuildConfiguration;
			buildSettings = {
				BUNDLE_LOADER = "$(TEST_HOST)";
				CODE_SIGN_STYLE = Automatic;
				CURRENT_PROJECT_VERSION = 1;
				GENERATE_INFOPLIST_FILE = YES;
				IPHONEOS_DEPLOYMENT_TARGET = 18.5;
				MARKETING_VERSION = 1.0;
				PRODUCT_BUNDLE_IDENTIFIER = "com.mytestapp.travel-planner-appTests";
				PRODUCT_NAME = "$(TARGET_NAME)";
				SWIFT_EMIT_LOC_STRINGS = NO;
				SWIFT_VERSION = 5.0;
				TARGETED_DEVICE_FAMILY = "1,2";
				TEST_HOST = "$(BUILT_PRODUCTS_DIR)/travel-planner-app.app/$(BUNDLE_EXECUTABLE_FOLDER_PATH)/travel-planner-app";
			};
			name = Debug;
		};
		0DAD4EEC2E1323B6003E91EF /* Release */ = {
			isa = XCBuildConfiguration;
			buildSettings = {
				BUNDLE_LOADER = "$(TEST_HOST)";
				CODE_SIGN_STYLE = Automatic;
				CURRENT_PROJECT_VERSION = 1;
				GENERATE_INFOPLIST_FILE = YES;
				IPHONEOS_DEPLOYMENT_TARGET = 18.5;
				MARKETING_VERSION = 1.0;
				PRODUCT_BUNDLE_IDENTIFIER = "com.mytestapp.travel-planner-appTests";
				PRODUCT_NAME = "$(TARGET_NAME)";
				SWIFT_EMIT_LOC_STRINGS = NO;
				SWIFT_VERSION = 5.0;
				TARGETED_DEVICE_FAMILY = "1,2";
				TEST_HOST = "$(BUILT_PRODUCTS_DIR)/travel-planner-app.app/$(BUNDLE_EXECUTABLE_FOLDER_PATH)/travel-planner-app";
			};
			name = Release;
		};
		0DAD4EEE2E1323B6003E91EF /* Debug */ = {
			isa = XCBuildConfiguration;
			buildSettings = {
				CODE_SIGN_STYLE = Automatic;
				CURRENT_PROJECT_VERSION = 1;
				GENERATE_INFOPLIST_FILE = YES;
				MARKETING_VERSION = 1.0;
				PRODUCT_BUNDLE_IDENTIFIER = "com.mytestapp.travel-planner-appUITests";
				PRODUCT_NAME = "$(TARGET_NAME)";
				SWIFT_EMIT_LOC_STRINGS = NO;
				SWIFT_VERSION = 5.0;
				TARGETED_DEVICE_FAMILY = "1,2";
				TEST_TARGET_NAME = "travel-planner-app";
			};
			name = Debug;
		};
		0DAD4EEF2E1323B6003E91EF /* Release */ = {
			isa = XCBuildConfiguration;
			buildSettings = {
				CODE_SIGN_STYLE = Automatic;
				CURRENT_PROJECT_VERSION = 1;
				GENERATE_INFOPLIST_FILE = YES;
				MARKETING_VERSION = 1.0;
				PRODUCT_BUNDLE_IDENTIFIER = "com.mytestapp.travel-planner-appUITests";
				PRODUCT_NAME = "$(TARGET_NAME)";
				SWIFT_EMIT_LOC_STRINGS = NO;
				SWIFT_VERSION = 5.0;
				TARGETED_DEVICE_FAMILY = "1,2";
				TEST_TARGET_NAME = "travel-planner-app";
			};
			name = Release;
		};
/* End XCBuildConfiguration section */

/* Begin XCConfigurationList section */
		0DAD4EB72E1323B5003E91EF /* Build configuration list for PBXProject "travel-planner-app" */ = {
			isa = XCConfigurationList;
			buildConfigurations = (
				0DAD4EE82E1323B6003E91EF /* Debug */,
				0DAD4EE92E1323B6003E91EF /* Release */,
			);
			defaultConfigurationIsVisible = 0;
			defaultConfigurationName = Release;
		};
		0DAD4EE52E1323B6003E91EF /* Build configuration list for PBXNativeTarget "travel-planner-app" */ = {
			isa = XCConfigurationList;
			buildConfigurations = (
				0DAD4EE62E1323B6003E91EF /* Debug */,
				0DAD4EE72E1323B6003E91EF /* Release */,
			);
			defaultConfigurationIsVisible = 0;
			defaultConfigurationName = Release;
		};
		0DAD4EEA2E1323B6003E91EF /* Build configuration list for PBXNativeTarget "travel-planner-appTests" */ = {
			isa = XCConfigurationList;
			buildConfigurations = (
				0DAD4EEB2E1323B6003E91EF /* Debug */,
				0DAD4EEC2E1323B6003E91EF /* Release */,
			);
			defaultConfigurationIsVisible = 0;
			defaultConfigurationName = Release;
		};
		0DAD4EED2E1323B6003E91EF /* Build configuration list for PBXNativeTarget "travel-planner-appUITests" */ = {
			isa = XCConfigurationList;
			buildConfigurations = (
				0DAD4EEE2E1323B6003E91EF /* Debug */,
				0DAD4EEF2E1323B6003E91EF /* Release */,
			);
			defaultConfigurationIsVisible = 0;
			defaultConfigurationName = Release;
		};
/* End XCConfigurationList section */

/* Begin XCRemoteSwiftPackageReference section */
		0DAD4F3B2E159415003E91EF /* XCRemoteSwiftPackageReference "AmplitudeUnified-Swift" */ = {
			isa = XCRemoteSwiftPackageReference;
			repositoryURL = "https://github.com/amplitude/AmplitudeUnified-Swift";
			requirement = {
				branch = main;
				kind = branch;
			};
		};
/* End XCRemoteSwiftPackageReference section */

/* Begin XCSwiftPackageProductDependency section */
		0DAD4F3C2E159415003E91EF /* AmplitudeUnified */ = {
			isa = XCSwiftPackageProductDependency;
			package = 0DAD4F3B2E159415003E91EF /* XCRemoteSwiftPackageReference "AmplitudeUnified-Swift" */;
			productName = AmplitudeUnified;
		};
/* End XCSwiftPackageProductDependency section */
	};
	rootObject = 0DAD4EB42E1323B5003E91EF /* Project object */;
}
